---
# This shouldn't be used outside this demo environment.
# Actually, this shouldn't be used at all. Only using it because of time constraints
# during demo.
- name: Temporary mount
  command: "mount -t glusterfs {{ share_path }} /mnt"

- name: Sanlock init
  command: "sanlock direct init -s {{ storage_domain_id }}:0:/mnt/{{ storage_domain_id }}/dom_md/ids:0"

- name: Unmount temporary share
  command: "umount /mnt"


